// !$*UTF8*$!
{
	archiveVersion = 1;
	classes = {
	};
	objectVersion = 56;
	objects = {

/* Begin PBXBuildFile section */
		1A88B6372BB30FAF00499B9F /* AppDelegate.swift in Sources */ = {isa = PBXBuildFile; fileRef = 1A88B6362BB30FAF00499B9F /* AppDelegate.swift */; };
		1A88B6392BB30FAF00499B9F /* SceneDelegate.swift in Sources */ = {isa = PBXBuildFile; fileRef = 1A88B6382BB30FAF00499B9F /* SceneDelegate.swift */; };
		1A88B63B2BB30FAF00499B9F /* HomeViewController.swift in Sources */ = {isa = PBXBuildFile; fileRef = 1A88B63A2BB30FAF00499B9F /* HomeViewController.swift */; };
		1A88B6402BB30FB300499B9F /* Assets.xcassets in Resources */ = {isa = PBXBuildFile; fileRef = 1A88B63F2BB30FB300499B9F /* Assets.xcassets */; };
		1A88B6432BB30FB300499B9F /* LaunchScreen.storyboard in Resources */ = {isa = PBXBuildFile; fileRef = 1A88B6412BB30FB300499B9F /* LaunchScreen.storyboard */; };
		1A88B6532BB3185100499B9F /* SearchViewController.swift in Sources */ = {isa = PBXBuildFile; fileRef = 1A88B6522BB3185100499B9F /* SearchViewController.swift */; };
		1A88B6562BB3186D00499B9F /* LibraryViewController.swift in Sources */ = {isa = PBXBuildFile; fileRef = 1A88B6552BB3186D00499B9F /* LibraryViewController.swift */; };
		1A88B65A2BB3189600499B9F /* AuthViewController.swift in Sources */ = {isa = PBXBuildFile; fileRef = 1A88B6592BB3189600499B9F /* AuthViewController.swift */; };
		1A88B65C2BB318A400499B9F /* WelcomeViewController.swift in Sources */ = {isa = PBXBuildFile; fileRef = 1A88B65B2BB318A400499B9F /* WelcomeViewController.swift */; };
		1A88B65E2BB318B200499B9F /* SettingsViewController.swift in Sources */ = {isa = PBXBuildFile; fileRef = 1A88B65D2BB318B200499B9F /* SettingsViewController.swift */; };
		1A88B6602BB318BE00499B9F /* ProfileViewController.swift in Sources */ = {isa = PBXBuildFile; fileRef = 1A88B65F2BB318BE00499B9F /* ProfileViewController.swift */; };
		1A88B6622BB318C600499B9F /* PlayerViewController.swift in Sources */ = {isa = PBXBuildFile; fileRef = 1A88B6612BB318C600499B9F /* PlayerViewController.swift */; };
		1A88B6642BB318DB00499B9F /* PlaylistViewController.swift in Sources */ = {isa = PBXBuildFile; fileRef = 1A88B6632BB318DB00499B9F /* PlaylistViewController.swift */; };
		1A88B6662BB318F400499B9F /* SearchResultsViewController.swift in Sources */ = {isa = PBXBuildFile; fileRef = 1A88B6652BB318F400499B9F /* SearchResultsViewController.swift */; };
		1A88B6682BB3191400499B9F /* AuthManager.swift in Sources */ = {isa = PBXBuildFile; fileRef = 1A88B6672BB3191400499B9F /* AuthManager.swift */; };
		1A88B66A2BB3192000499B9F /* APICaller.swift in Sources */ = {isa = PBXBuildFile; fileRef = 1A88B6692BB3192000499B9F /* APICaller.swift */; };
		1A88B66C2BB3192F00499B9F /* HapticsManager.swift in Sources */ = {isa = PBXBuildFile; fileRef = 1A88B66B2BB3192F00499B9F /* HapticsManager.swift */; };
		1A88B66E2BB3194400499B9F /* Playlist.swift in Sources */ = {isa = PBXBuildFile; fileRef = 1A88B66D2BB3194400499B9F /* Playlist.swift */; };
		1A88B6702BB3194A00499B9F /* AudioTrack.swift in Sources */ = {isa = PBXBuildFile; fileRef = 1A88B66F2BB3194A00499B9F /* AudioTrack.swift */; };
		1A88B6722BB3195D00499B9F /* Artist.swift in Sources */ = {isa = PBXBuildFile; fileRef = 1A88B6712BB3195D00499B9F /* Artist.swift */; };
		1A88B6742BB3196800499B9F /* UserProfile.swift in Sources */ = {isa = PBXBuildFile; fileRef = 1A88B6732BB3196800499B9F /* UserProfile.swift */; };
		1A88B6782BB31A3E00499B9F /* TabBarViewController.swift in Sources */ = {isa = PBXBuildFile; fileRef = 1A88B6772BB31A3E00499B9F /* TabBarViewController.swift */; };
		1A88B67A2BB323AE00499B9F /* Extensions.swift in Sources */ = {isa = PBXBuildFile; fileRef = 1A88B6792BB323AE00499B9F /* Extensions.swift */; };
		1A88B67C2BB33DF200499B9F /* AuthResponse.swift in Sources */ = {isa = PBXBuildFile; fileRef = 1A88B67B2BB33DF200499B9F /* AuthResponse.swift */; };
		1A88B67E2BB43CD400499B9F /* SettingsModels.swift in Sources */ = {isa = PBXBuildFile; fileRef = 1A88B67D2BB43CD400499B9F /* SettingsModels.swift */; };
		1AA264D02BBABCDC002AED84 /* NewReleasesResponse.swift in Sources */ = {isa = PBXBuildFile; fileRef = 1AA264CF2BBABCDC002AED84 /* NewReleasesResponse.swift */; };
		1AA264D22BBABDE5002AED84 /* APIImage.swift in Sources */ = {isa = PBXBuildFile; fileRef = 1AA264D12BBABDE5002AED84 /* APIImage.swift */; };
		1AA264D42BBAC1DC002AED84 /* FeaturedPlaylistResponse.swift in Sources */ = {isa = PBXBuildFile; fileRef = 1AA264D32BBAC1DC002AED84 /* FeaturedPlaylistResponse.swift */; };
		1AA264D62BBACABD002AED84 /* RecommendedGenresResponse.swift in Sources */ = {isa = PBXBuildFile; fileRef = 1AA264D52BBACABD002AED84 /* RecommendedGenresResponse.swift */; };
		1AA264D82BBAD09A002AED84 /* RecommendationsResponse.swift in Sources */ = {isa = PBXBuildFile; fileRef = 1AA264D72BBAD09A002AED84 /* RecommendationsResponse.swift */; };
		1AA264DB2BBADF19002AED84 /* NewReleaseCollectionViewCell.swift in Sources */ = {isa = PBXBuildFile; fileRef = 1AA264DA2BBADF19002AED84 /* NewReleaseCollectionViewCell.swift */; };
		1AA264DD2BBADF45002AED84 /* FeaturedPlaylistCollectionViewCell.swift in Sources */ = {isa = PBXBuildFile; fileRef = 1AA264DC2BBADF45002AED84 /* FeaturedPlaylistCollectionViewCell.swift */; };
		1AA264DF2BBADF60002AED84 /* RecommendedTracksCollectionViewCell.swift in Sources */ = {isa = PBXBuildFile; fileRef = 1AA264DE2BBADF60002AED84 /* RecommendedTracksCollectionViewCell.swift */; };
		1AA264E12BBB0F13002AED84 /* NewReleasesCellViewModel.swift in Sources */ = {isa = PBXBuildFile; fileRef = 1AA264E02BBB0F13002AED84 /* NewReleasesCellViewModel.swift */; };
		2C5BAB847A15BDE0CEE46D65 /* Pods_SpotifyUIkitClone.framework in Frameworks */ = {isa = PBXBuildFile; fileRef = 8F32AB6BE558C998DE7003AB /* Pods_SpotifyUIkitClone.framework */; };
/* End PBXBuildFile section */

/* Begin PBXFileReference section */
		1A88B6332BB30FAF00499B9F /* SpotifyUIkitClone.app */ = {isa = PBXFileReference; explicitFileType = wrapper.application; includeInIndex = 0; path = SpotifyUIkitClone.app; sourceTree = BUILT_PRODUCTS_DIR; };
		1A88B6362BB30FAF00499B9F /* AppDelegate.swift */ = {isa = PBXFileReference; lastKnownFileType = sourcecode.swift; path = AppDelegate.swift; sourceTree = "<group>"; };
		1A88B6382BB30FAF00499B9F /* SceneDelegate.swift */ = {isa = PBXFileReference; lastKnownFileType = sourcecode.swift; path = SceneDelegate.swift; sourceTree = "<group>"; };
		1A88B63A2BB30FAF00499B9F /* HomeViewController.swift */ = {isa = PBXFileReference; lastKnownFileType = sourcecode.swift; path = HomeViewController.swift; sourceTree = "<group>"; };
		1A88B63F2BB30FB300499B9F /* Assets.xcassets */ = {isa = PBXFileReference; lastKnownFileType = folder.assetcatalog; path = Assets.xcassets; sourceTree = "<group>"; };
		1A88B6422BB30FB300499B9F /* Base */ = {isa = PBXFileReference; lastKnownFileType = file.storyboard; name = Base; path = Base.lproj/LaunchScreen.storyboard; sourceTree = "<group>"; };
		1A88B6442BB30FB300499B9F /* Info.plist */ = {isa = PBXFileReference; lastKnownFileType = text.plist.xml; path = Info.plist; sourceTree = "<group>"; };
		1A88B6522BB3185100499B9F /* SearchViewController.swift */ = {isa = PBXFileReference; lastKnownFileType = sourcecode.swift; path = SearchViewController.swift; sourceTree = "<group>"; };
		1A88B6552BB3186D00499B9F /* LibraryViewController.swift */ = {isa = PBXFileReference; lastKnownFileType = sourcecode.swift; path = LibraryViewController.swift; sourceTree = "<group>"; };
		1A88B6592BB3189600499B9F /* AuthViewController.swift */ = {isa = PBXFileReference; lastKnownFileType = sourcecode.swift; path = AuthViewController.swift; sourceTree = "<group>"; };
		1A88B65B2BB318A400499B9F /* WelcomeViewController.swift */ = {isa = PBXFileReference; lastKnownFileType = sourcecode.swift; path = WelcomeViewController.swift; sourceTree = "<group>"; };
		1A88B65D2BB318B200499B9F /* SettingsViewController.swift */ = {isa = PBXFileReference; lastKnownFileType = sourcecode.swift; path = SettingsViewController.swift; sourceTree = "<group>"; };
		1A88B65F2BB318BE00499B9F /* ProfileViewController.swift */ = {isa = PBXFileReference; lastKnownFileType = sourcecode.swift; path = ProfileViewController.swift; sourceTree = "<group>"; };
		1A88B6612BB318C600499B9F /* PlayerViewController.swift */ = {isa = PBXFileReference; lastKnownFileType = sourcecode.swift; path = PlayerViewController.swift; sourceTree = "<group>"; };
		1A88B6632BB318DB00499B9F /* PlaylistViewController.swift */ = {isa = PBXFileReference; lastKnownFileType = sourcecode.swift; path = PlaylistViewController.swift; sourceTree = "<group>"; };
		1A88B6652BB318F400499B9F /* SearchResultsViewController.swift */ = {isa = PBXFileReference; lastKnownFileType = sourcecode.swift; path = SearchResultsViewController.swift; sourceTree = "<group>"; };
		1A88B6672BB3191400499B9F /* AuthManager.swift */ = {isa = PBXFileReference; lastKnownFileType = sourcecode.swift; path = AuthManager.swift; sourceTree = "<group>"; };
		1A88B6692BB3192000499B9F /* APICaller.swift */ = {isa = PBXFileReference; lastKnownFileType = sourcecode.swift; path = APICaller.swift; sourceTree = "<group>"; };
		1A88B66B2BB3192F00499B9F /* HapticsManager.swift */ = {isa = PBXFileReference; lastKnownFileType = sourcecode.swift; path = HapticsManager.swift; sourceTree = "<group>"; };
		1A88B66D2BB3194400499B9F /* Playlist.swift */ = {isa = PBXFileReference; lastKnownFileType = sourcecode.swift; path = Playlist.swift; sourceTree = "<group>"; };
		1A88B66F2BB3194A00499B9F /* AudioTrack.swift */ = {isa = PBXFileReference; lastKnownFileType = sourcecode.swift; path = AudioTrack.swift; sourceTree = "<group>"; };
		1A88B6712BB3195D00499B9F /* Artist.swift */ = {isa = PBXFileReference; lastKnownFileType = sourcecode.swift; path = Artist.swift; sourceTree = "<group>"; };
		1A88B6732BB3196800499B9F /* UserProfile.swift */ = {isa = PBXFileReference; lastKnownFileType = sourcecode.swift; path = UserProfile.swift; sourceTree = "<group>"; };
		1A88B6772BB31A3E00499B9F /* TabBarViewController.swift */ = {isa = PBXFileReference; lastKnownFileType = sourcecode.swift; path = TabBarViewController.swift; sourceTree = "<group>"; };
		1A88B6792BB323AE00499B9F /* Extensions.swift */ = {isa = PBXFileReference; lastKnownFileType = sourcecode.swift; path = Extensions.swift; sourceTree = "<group>"; };
		1A88B67B2BB33DF200499B9F /* AuthResponse.swift */ = {isa = PBXFileReference; lastKnownFileType = sourcecode.swift; path = AuthResponse.swift; sourceTree = "<group>"; };
		1A88B67D2BB43CD400499B9F /* SettingsModels.swift */ = {isa = PBXFileReference; lastKnownFileType = sourcecode.swift; path = SettingsModels.swift; sourceTree = "<group>"; };
		1AA264CF2BBABCDC002AED84 /* NewReleasesResponse.swift */ = {isa = PBXFileReference; lastKnownFileType = sourcecode.swift; path = NewReleasesResponse.swift; sourceTree = "<group>"; };
		1AA264D12BBABDE5002AED84 /* APIImage.swift */ = {isa = PBXFileReference; lastKnownFileType = sourcecode.swift; path = APIImage.swift; sourceTree = "<group>"; };
		1AA264D32BBAC1DC002AED84 /* FeaturedPlaylistResponse.swift */ = {isa = PBXFileReference; lastKnownFileType = sourcecode.swift; path = FeaturedPlaylistResponse.swift; sourceTree = "<group>"; };
		1AA264D52BBACABD002AED84 /* RecommendedGenresResponse.swift */ = {isa = PBXFileReference; lastKnownFileType = sourcecode.swift; path = RecommendedGenresResponse.swift; sourceTree = "<group>"; };
		1AA264D72BBAD09A002AED84 /* RecommendationsResponse.swift */ = {isa = PBXFileReference; lastKnownFileType = sourcecode.swift; path = RecommendationsResponse.swift; sourceTree = "<group>"; };
		1AA264DA2BBADF19002AED84 /* NewReleaseCollectionViewCell.swift */ = {isa = PBXFileReference; lastKnownFileType = sourcecode.swift; path = NewReleaseCollectionViewCell.swift; sourceTree = "<group>"; };
		1AA264DC2BBADF45002AED84 /* FeaturedPlaylistCollectionViewCell.swift */ = {isa = PBXFileReference; lastKnownFileType = sourcecode.swift; path = FeaturedPlaylistCollectionViewCell.swift; sourceTree = "<group>"; };
		1AA264DE2BBADF60002AED84 /* RecommendedTracksCollectionViewCell.swift */ = {isa = PBXFileReference; lastKnownFileType = sourcecode.swift; path = RecommendedTracksCollectionViewCell.swift; sourceTree = "<group>"; };
		1AA264E02BBB0F13002AED84 /* NewReleasesCellViewModel.swift */ = {isa = PBXFileReference; lastKnownFileType = sourcecode.swift; path = NewReleasesCellViewModel.swift; sourceTree = "<group>"; };
		8F32AB6BE558C998DE7003AB /* Pods_SpotifyUIkitClone.framework */ = {isa = PBXFileReference; explicitFileType = wrapper.framework; includeInIndex = 0; path = Pods_SpotifyUIkitClone.framework; sourceTree = BUILT_PRODUCTS_DIR; };
		ADB483ACE902BDAE804DEF71 /* Pods-SpotifyUIkitClone.release.xcconfig */ = {isa = PBXFileReference; includeInIndex = 1; lastKnownFileType = text.xcconfig; name = "Pods-SpotifyUIkitClone.release.xcconfig"; path = "Target Support Files/Pods-SpotifyUIkitClone/Pods-SpotifyUIkitClone.release.xcconfig"; sourceTree = "<group>"; };
		F7FDF2608C015499A9831233 /* Pods-SpotifyUIkitClone.debug.xcconfig */ = {isa = PBXFileReference; includeInIndex = 1; lastKnownFileType = text.xcconfig; name = "Pods-SpotifyUIkitClone.debug.xcconfig"; path = "Target Support Files/Pods-SpotifyUIkitClone/Pods-SpotifyUIkitClone.debug.xcconfig"; sourceTree = "<group>"; };
/* End PBXFileReference section */

/* Begin PBXFrameworksBuildPhase section */
		1A88B6302BB30FAF00499B9F /* Frameworks */ = {
			isa = PBXFrameworksBuildPhase;
			buildActionMask = 2147483647;
			files = (
				2C5BAB847A15BDE0CEE46D65 /* Pods_SpotifyUIkitClone.framework in Frameworks */,
			);
			runOnlyForDeploymentPostprocessing = 0;
		};
/* End PBXFrameworksBuildPhase section */

/* Begin PBXGroup section */
		1A88B62A2BB30FAF00499B9F = {
			isa = PBXGroup;
			children = (
				1A88B6352BB30FAF00499B9F /* SpotifyUIkitClone */,
				1A88B6342BB30FAF00499B9F /* Products */,
				B46D6E396F6F6357909A1715 /* Pods */,
				230E73B909C830AE346F6816 /* Frameworks */,
			);
			sourceTree = "<group>";
		};
		1A88B6342BB30FAF00499B9F /* Products */ = {
			isa = PBXGroup;
			children = (
				1A88B6332BB30FAF00499B9F /* SpotifyUIkitClone.app */,
			);
			name = Products;
			sourceTree = "<group>";
		};
		1A88B6352BB30FAF00499B9F /* SpotifyUIkitClone */ = {
			isa = PBXGroup;
			children = (
				1A88B64F2BB3107600499B9F /* Resources */,
				1A88B64E2BB3105F00499B9F /* Managers */,
				1A88B64D2BB3105600499B9F /* ViewModels */,
				1A88B64C2BB3104D00499B9F /* Models */,
				1A88B64B2BB3104400499B9F /* Controllers */,
				1A88B64A2BB3103F00499B9F /* Views */,
				1A88B6442BB30FB300499B9F /* Info.plist */,
			);
			path = SpotifyUIkitClone;
			sourceTree = "<group>";
		};
		1A88B64A2BB3103F00499B9F /* Views */ = {
			isa = PBXGroup;
			children = (
				1AA264D92BBADEF6002AED84 /* Browse */,
				1A88B6412BB30FB300499B9F /* LaunchScreen.storyboard */,
			);
			path = Views;
			sourceTree = "<group>";
		};
		1A88B64B2BB3104400499B9F /* Controllers */ = {
			isa = PBXGroup;
			children = (
				1A88B6582BB3188900499B9F /* Other */,
				1A88B6572BB3187500499B9F /* Core */,
			);
			path = Controllers;
			sourceTree = "<group>";
		};
		1A88B64C2BB3104D00499B9F /* Models */ = {
			isa = PBXGroup;
			children = (
				1A88B66D2BB3194400499B9F /* Playlist.swift */,
				1A88B66F2BB3194A00499B9F /* AudioTrack.swift */,
				1A88B6712BB3195D00499B9F /* Artist.swift */,
				1A88B6732BB3196800499B9F /* UserProfile.swift */,
				1A88B67B2BB33DF200499B9F /* AuthResponse.swift */,
				1A88B67D2BB43CD400499B9F /* SettingsModels.swift */,
				1AA264CF2BBABCDC002AED84 /* NewReleasesResponse.swift */,
				1AA264D12BBABDE5002AED84 /* APIImage.swift */,
				1AA264D32BBAC1DC002AED84 /* FeaturedPlaylistResponse.swift */,
				1AA264D52BBACABD002AED84 /* RecommendedGenresResponse.swift */,
				1AA264D72BBAD09A002AED84 /* RecommendationsResponse.swift */,
			);
			path = Models;
			sourceTree = "<group>";
		};
		1A88B64D2BB3105600499B9F /* ViewModels */ = {
			isa = PBXGroup;
			children = (
				1AA264E02BBB0F13002AED84 /* NewReleasesCellViewModel.swift */,
			);
			path = ViewModels;
			sourceTree = "<group>";
		};
		1A88B64E2BB3105F00499B9F /* Managers */ = {
			isa = PBXGroup;
			children = (
				1A88B6672BB3191400499B9F /* AuthManager.swift */,
				1A88B6692BB3192000499B9F /* APICaller.swift */,
				1A88B66B2BB3192F00499B9F /* HapticsManager.swift */,
			);
			path = Managers;
			sourceTree = "<group>";
		};
		1A88B64F2BB3107600499B9F /* Resources */ = {
			isa = PBXGroup;
			children = (
				1A88B63F2BB30FB300499B9F /* Assets.xcassets */,
				1A88B6362BB30FAF00499B9F /* AppDelegate.swift */,
				1A88B6382BB30FAF00499B9F /* SceneDelegate.swift */,
				1A88B6792BB323AE00499B9F /* Extensions.swift */,
			);
			path = Resources;
			sourceTree = "<group>";
		};
		1A88B6572BB3187500499B9F /* Core */ = {
			isa = PBXGroup;
			children = (
				1A88B6552BB3186D00499B9F /* LibraryViewController.swift */,
				1A88B6522BB3185100499B9F /* SearchViewController.swift */,
				1A88B63A2BB30FAF00499B9F /* HomeViewController.swift */,
				1A88B6772BB31A3E00499B9F /* TabBarViewController.swift */,
			);
			path = Core;
			sourceTree = "<group>";
		};
		1A88B6582BB3188900499B9F /* Other */ = {
			isa = PBXGroup;
			children = (
				1A88B6592BB3189600499B9F /* AuthViewController.swift */,
				1A88B65B2BB318A400499B9F /* WelcomeViewController.swift */,
				1A88B65D2BB318B200499B9F /* SettingsViewController.swift */,
				1A88B65F2BB318BE00499B9F /* ProfileViewController.swift */,
				1A88B6612BB318C600499B9F /* PlayerViewController.swift */,
				1A88B6632BB318DB00499B9F /* PlaylistViewController.swift */,
				1A88B6652BB318F400499B9F /* SearchResultsViewController.swift */,
			);
			path = Other;
			sourceTree = "<group>";
		};
		1AA264D92BBADEF6002AED84 /* Browse */ = {
			isa = PBXGroup;
			children = (
				1AA264DA2BBADF19002AED84 /* NewReleaseCollectionViewCell.swift */,
				1AA264DC2BBADF45002AED84 /* FeaturedPlaylistCollectionViewCell.swift */,
				1AA264DE2BBADF60002AED84 /* RecommendedTracksCollectionViewCell.swift */,
			);
			path = Browse;
			sourceTree = "<group>";
		};
		230E73B909C830AE346F6816 /* Frameworks */ = {
			isa = PBXGroup;
			children = (
				8F32AB6BE558C998DE7003AB /* Pods_SpotifyUIkitClone.framework */,
			);
			name = Frameworks;
			sourceTree = "<group>";
		};
		B46D6E396F6F6357909A1715 /* Pods */ = {
			isa = PBXGroup;
			children = (
				F7FDF2608C015499A9831233 /* Pods-SpotifyUIkitClone.debug.xcconfig */,
				ADB483ACE902BDAE804DEF71 /* Pods-SpotifyUIkitClone.release.xcconfig */,
			);
			path = Pods;
			sourceTree = "<group>";
		};
/* End PBXGroup section */

/* Begin PBXNativeTarget section */
		1A88B6322BB30FAF00499B9F /* SpotifyUIkitClone */ = {
			isa = PBXNativeTarget;
			buildConfigurationList = 1A88B6472BB30FB300499B9F /* Build configuration list for PBXNativeTarget "SpotifyUIkitClone" */;
			buildPhases = (
				44AAD4169BFB56A6FC642467 /* [CP] Check Pods Manifest.lock */,
				1A88B62F2BB30FAF00499B9F /* Sources */,
				1A88B6302BB30FAF00499B9F /* Frameworks */,
				1A88B6312BB30FAF00499B9F /* Resources */,
				088598333169C66383C4111D /* [CP] Embed Pods Frameworks */,
			);
			buildRules = (
			);
			dependencies = (
			);
			name = SpotifyUIkitClone;
			productName = SpotifyUIkitClone;
			productReference = 1A88B6332BB30FAF00499B9F /* SpotifyUIkitClone.app */;
			productType = "com.apple.product-type.application";
		};
/* End PBXNativeTarget section */

/* Begin PBXProject section */
		1A88B62B2BB30FAF00499B9F /* Project object */ = {
			isa = PBXProject;
			attributes = {
				BuildIndependentTargetsInParallel = 1;
				LastSwiftUpdateCheck = 1500;
				LastUpgradeCheck = 1500;
				TargetAttributes = {
					1A88B6322BB30FAF00499B9F = {
						CreatedOnToolsVersion = 15.0;
					};
				};
			};
			buildConfigurationList = 1A88B62E2BB30FAF00499B9F /* Build configuration list for PBXProject "SpotifyUIkitClone" */;
			compatibilityVersion = "Xcode 14.0";
			developmentRegion = en;
			hasScannedForEncodings = 0;
			knownRegions = (
				en,
				Base,
			);
			mainGroup = 1A88B62A2BB30FAF00499B9F;
			productRefGroup = 1A88B6342BB30FAF00499B9F /* Products */;
			projectDirPath = "";
			projectRoot = "";
			targets = (
				1A88B6322BB30FAF00499B9F /* SpotifyUIkitClone */,
			);
		};
/* End PBXProject section */

/* Begin PBXResourcesBuildPhase section */
		1A88B6312BB30FAF00499B9F /* Resources */ = {
			isa = PBXResourcesBuildPhase;
			buildActionMask = 2147483647;
			files = (
				1A88B6432BB30FB300499B9F /* LaunchScreen.storyboard in Resources */,
				1A88B6402BB30FB300499B9F /* Assets.xcassets in Resources */,
			);
			runOnlyForDeploymentPostprocessing = 0;
		};
/* End PBXResourcesBuildPhase section */

/* Begin PBXShellScriptBuildPhase section */
		088598333169C66383C4111D /* [CP] Embed Pods Frameworks */ = {
			isa = PBXShellScriptBuildPhase;
			buildActionMask = 2147483647;
			files = (
			);
			inputFileListPaths = (
				"${PODS_ROOT}/Target Support Files/Pods-SpotifyUIkitClone/Pods-SpotifyUIkitClone-frameworks-${CONFIGURATION}-input-files.xcfilelist",
			);
			name = "[CP] Embed Pods Frameworks";
			outputFileListPaths = (
				"${PODS_ROOT}/Target Support Files/Pods-SpotifyUIkitClone/Pods-SpotifyUIkitClone-frameworks-${CONFIGURATION}-output-files.xcfilelist",
			);
			runOnlyForDeploymentPostprocessing = 0;
			shellPath = /bin/sh;
			shellScript = "\"${PODS_ROOT}/Target Support Files/Pods-SpotifyUIkitClone/Pods-SpotifyUIkitClone-frameworks.sh\"\n";
			showEnvVarsInLog = 0;
		};
		44AAD4169BFB56A6FC642467 /* [CP] Check Pods Manifest.lock */ = {
			isa = PBXShellScriptBuildPhase;
			buildActionMask = 2147483647;
			files = (
			);
			inputFileListPaths = (
			);
			inputPaths = (
				"${PODS_PODFILE_DIR_PATH}/Podfile.lock",
				"${PODS_ROOT}/Manifest.lock",
			);
			name = "[CP] Check Pods Manifest.lock";
			outputFileListPaths = (
			);
			outputPaths = (
				"$(DERIVED_FILE_DIR)/Pods-SpotifyUIkitClone-checkManifestLockResult.txt",
			);
			runOnlyForDeploymentPostprocessing = 0;
			shellPath = /bin/sh;
			shellScript = "diff \"${PODS_PODFILE_DIR_PATH}/Podfile.lock\" \"${PODS_ROOT}/Manifest.lock\" > /dev/null\nif [ $? != 0 ] ; then\n    # print error to STDERR\n    echo \"error: The sandbox is not in sync with the Podfile.lock. Run 'pod install' or update your CocoaPods installation.\" >&2\n    exit 1\nfi\n# This output is used by Xcode 'outputs' to avoid re-running this script phase.\necho \"SUCCESS\" > \"${SCRIPT_OUTPUT_FILE_0}\"\n";
			showEnvVarsInLog = 0;
		};
/* End PBXShellScriptBuildPhase section */

/* Begin PBXSourcesBuildPhase section */
		1A88B62F2BB30FAF00499B9F /* Sources */ = {
			isa = PBXSourcesBuildPhase;
			buildActionMask = 2147483647;
			files = (
				1A88B6702BB3194A00499B9F /* AudioTrack.swift in Sources */,
				1AA264DF2BBADF60002AED84 /* RecommendedTracksCollectionViewCell.swift in Sources */,
				1A88B6532BB3185100499B9F /* SearchViewController.swift in Sources */,
				1AA264E12BBB0F13002AED84 /* NewReleasesCellViewModel.swift in Sources */,
				1A88B66E2BB3194400499B9F /* Playlist.swift in Sources */,
				1A88B6682BB3191400499B9F /* AuthManager.swift in Sources */,
				1AA264D42BBAC1DC002AED84 /* FeaturedPlaylistResponse.swift in Sources */,
				1AA264D22BBABDE5002AED84 /* APIImage.swift in Sources */,
				1A88B6662BB318F400499B9F /* SearchResultsViewController.swift in Sources */,
				1A88B65C2BB318A400499B9F /* WelcomeViewController.swift in Sources */,
				1A88B6602BB318BE00499B9F /* ProfileViewController.swift in Sources */,
				1A88B63B2BB30FAF00499B9F /* HomeViewController.swift in Sources */,
				1A88B67C2BB33DF200499B9F /* AuthResponse.swift in Sources */,
				1AA264D82BBAD09A002AED84 /* RecommendationsResponse.swift in Sources */,
				1AA264D02BBABCDC002AED84 /* NewReleasesResponse.swift in Sources */,
				1A88B6782BB31A3E00499B9F /* TabBarViewController.swift in Sources */,
				1AA264DB2BBADF19002AED84 /* NewReleaseCollectionViewCell.swift in Sources */,
				1A88B66C2BB3192F00499B9F /* HapticsManager.swift in Sources */,
				1AA264DD2BBADF45002AED84 /* FeaturedPlaylistCollectionViewCell.swift in Sources */,
				1A88B6372BB30FAF00499B9F /* AppDelegate.swift in Sources */,
				1A88B65A2BB3189600499B9F /* AuthViewController.swift in Sources */,
				1A88B6392BB30FAF00499B9F /* SceneDelegate.swift in Sources */,
				1A88B67A2BB323AE00499B9F /* Extensions.swift in Sources */,
				1A88B6742BB3196800499B9F /* UserProfile.swift in Sources */,
				1A88B6562BB3186D00499B9F /* LibraryViewController.swift in Sources */,
				1A88B67E2BB43CD400499B9F /* SettingsModels.swift in Sources */,
				1A88B6722BB3195D00499B9F /* Artist.swift in Sources */,
				1A88B6642BB318DB00499B9F /* PlaylistViewController.swift in Sources */,
				1A88B6622BB318C600499B9F /* PlayerViewController.swift in Sources */,
				1A88B66A2BB3192000499B9F /* APICaller.swift in Sources */,
				1A88B65E2BB318B200499B9F /* SettingsViewController.swift in Sources */,
				1AA264D62BBACABD002AED84 /* RecommendedGenresResponse.swift in Sources */,
			);
			runOnlyForDeploymentPostprocessing = 0;
		};
/* End PBXSourcesBuildPhase section */

/* Begin PBXVariantGroup section */
		1A88B6412BB30FB300499B9F /* LaunchScreen.storyboard */ = {
			isa = PBXVariantGroup;
			children = (
				1A88B6422BB30FB300499B9F /* Base */,
			);
			name = LaunchScreen.storyboard;
			sourceTree = "<group>";
		};
/* End PBXVariantGroup section */

/* Begin XCBuildConfiguration section */
		1A88B6452BB30FB300499B9F /* Debug */ = {
			isa = XCBuildConfiguration;
			buildSettings = {
				ALWAYS_SEARCH_USER_PATHS = NO;
				ASSETCATALOG_COMPILER_GENERATE_SWIFT_ASSET_SYMBOL_EXTENSIONS = YES;
				CLANG_ANALYZER_NONNULL = YES;
				CLANG_ANALYZER_NUMBER_OBJECT_CONVERSION = YES_AGGRESSIVE;
				CLANG_CXX_LANGUAGE_STANDARD = "gnu++20";
				CLANG_ENABLE_MODULES = YES;
				CLANG_ENABLE_OBJC_ARC = YES;
				CLANG_ENABLE_OBJC_WEAK = YES;
				CLANG_WARN_BLOCK_CAPTURE_AUTORELEASING = YES;
				CLANG_WARN_BOOL_CONVERSION = YES;
				CLANG_WARN_COMMA = YES;
				CLANG_WARN_CONSTANT_CONVERSION = YES;
				CLANG_WARN_DEPRECATED_OBJC_IMPLEMENTATIONS = YES;
				CLANG_WARN_DIRECT_OBJC_ISA_USAGE = YES_ERROR;
				CLANG_WARN_DOCUMENTATION_COMMENTS = YES;
				CLANG_WARN_EMPTY_BODY = YES;
				CLANG_WARN_ENUM_CONVERSION = YES;
				CLANG_WARN_INFINITE_RECURSION = YES;
				CLANG_WARN_INT_CONVERSION = YES;
				CLANG_WARN_NON_LITERAL_NULL_CONVERSION = YES;
				CLANG_WARN_OBJC_IMPLICIT_RETAIN_SELF = YES;
				CLANG_WARN_OBJC_LITERAL_CONVERSION = YES;
				CLANG_WARN_OBJC_ROOT_CLASS = YES_ERROR;
				CLANG_WARN_QUOTED_INCLUDE_IN_FRAMEWORK_HEADER = YES;
				CLANG_WARN_RANGE_LOOP_ANALYSIS = YES;
				CLANG_WARN_STRICT_PROTOTYPES = YES;
				CLANG_WARN_SUSPICIOUS_MOVE = YES;
				CLANG_WARN_UNGUARDED_AVAILABILITY = YES_AGGRESSIVE;
				CLANG_WARN_UNREACHABLE_CODE = YES;
				CLANG_WARN__DUPLICATE_METHOD_MATCH = YES;
				COPY_PHASE_STRIP = NO;
				DEBUG_INFORMATION_FORMAT = dwarf;
				ENABLE_STRICT_OBJC_MSGSEND = YES;
				ENABLE_TESTABILITY = YES;
				ENABLE_USER_SCRIPT_SANDBOXING = YES;
				GCC_C_LANGUAGE_STANDARD = gnu17;
				GCC_DYNAMIC_NO_PIC = NO;
				GCC_NO_COMMON_BLOCKS = YES;
				GCC_OPTIMIZATION_LEVEL = 0;
				GCC_PREPROCESSOR_DEFINITIONS = (
					"DEBUG=1",
					"$(inherited)",
				);
				GCC_WARN_64_TO_32_BIT_CONVERSION = YES;
				GCC_WARN_ABOUT_RETURN_TYPE = YES_ERROR;
				GCC_WARN_UNDECLARED_SELECTOR = YES;
				GCC_WARN_UNINITIALIZED_AUTOS = YES_AGGRESSIVE;
				GCC_WARN_UNUSED_FUNCTION = YES;
				GCC_WARN_UNUSED_VARIABLE = YES;
				IPHONEOS_DEPLOYMENT_TARGET = 17.0;
				LOCALIZATION_PREFERS_STRING_CATALOGS = YES;
				MTL_ENABLE_DEBUG_INFO = INCLUDE_SOURCE;
				MTL_FAST_MATH = YES;
				ONLY_ACTIVE_ARCH = YES;
				SDKROOT = iphoneos;
				SWIFT_ACTIVE_COMPILATION_CONDITIONS = "DEBUG $(inherited)";
				SWIFT_OPTIMIZATION_LEVEL = "-Onone";
			};
			name = Debug;
		};
		1A88B6462BB30FB300499B9F /* Release */ = {
			isa = XCBuildConfiguration;
			buildSettings = {
				ALWAYS_SEARCH_USER_PATHS = NO;
				ASSETCATALOG_COMPILER_GENERATE_SWIFT_ASSET_SYMBOL_EXTENSIONS = YES;
				CLANG_ANALYZER_NONNULL = YES;
				CLANG_ANALYZER_NUMBER_OBJECT_CONVERSION = YES_AGGRESSIVE;
				CLANG_CXX_LANGUAGE_STANDARD = "gnu++20";
				CLANG_ENABLE_MODULES = YES;
				CLANG_ENABLE_OBJC_ARC = YES;
				CLANG_ENABLE_OBJC_WEAK = YES;
				CLANG_WARN_BLOCK_CAPTURE_AUTORELEASING = YES;
				CLANG_WARN_BOOL_CONVERSION = YES;
				CLANG_WARN_COMMA = YES;
				CLANG_WARN_CONSTANT_CONVERSION = YES;
				CLANG_WARN_DEPRECATED_OBJC_IMPLEMENTATIONS = YES;
				CLANG_WARN_DIRECT_OBJC_ISA_USAGE = YES_ERROR;
				CLANG_WARN_DOCUMENTATION_COMMENTS = YES;
				CLANG_WARN_EMPTY_BODY = YES;
				CLANG_WARN_ENUM_CONVERSION = YES;
				CLANG_WARN_INFINITE_RECURSION = YES;
				CLANG_WARN_INT_CONVERSION = YES;
				CLANG_WARN_NON_LITERAL_NULL_CONVERSION = YES;
				CLANG_WARN_OBJC_IMPLICIT_RETAIN_SELF = YES;
				CLANG_WARN_OBJC_LITERAL_CONVERSION = YES;
				CLANG_WARN_OBJC_ROOT_CLASS = YES_ERROR;
				CLANG_WARN_QUOTED_INCLUDE_IN_FRAMEWORK_HEADER = YES;
				CLANG_WARN_RANGE_LOOP_ANALYSIS = YES;
				CLANG_WARN_STRICT_PROTOTYPES = YES;
				CLANG_WARN_SUSPICIOUS_MOVE = YES;
				CLANG_WARN_UNGUARDED_AVAILABILITY = YES_AGGRESSIVE;
				CLANG_WARN_UNREACHABLE_CODE = YES;
				CLANG_WARN__DUPLICATE_METHOD_MATCH = YES;
				COPY_PHASE_STRIP = NO;
				DEBUG_INFORMATION_FORMAT = "dwarf-with-dsym";
				ENABLE_NS_ASSERTIONS = NO;
				ENABLE_STRICT_OBJC_MSGSEND = YES;
				ENABLE_USER_SCRIPT_SANDBOXING = YES;
				GCC_C_LANGUAGE_STANDARD = gnu17;
				GCC_NO_COMMON_BLOCKS = YES;
				GCC_WARN_64_TO_32_BIT_CONVERSION = YES;
				GCC_WARN_ABOUT_RETURN_TYPE = YES_ERROR;
				GCC_WARN_UNDECLARED_SELECTOR = YES;
				GCC_WARN_UNINITIALIZED_AUTOS = YES_AGGRESSIVE;
				GCC_WARN_UNUSED_FUNCTION = YES;
				GCC_WARN_UNUSED_VARIABLE = YES;
				IPHONEOS_DEPLOYMENT_TARGET = 17.0;
				LOCALIZATION_PREFERS_STRING_CATALOGS = YES;
				MTL_ENABLE_DEBUG_INFO = NO;
				MTL_FAST_MATH = YES;
				SDKROOT = iphoneos;
				SWIFT_COMPILATION_MODE = wholemodule;
				VALIDATE_PRODUCT = YES;
			};
			name = Release;
		};
		1A88B6482BB30FB300499B9F /* Debug */ = {
			isa = XCBuildConfiguration;
			baseConfigurationReference = F7FDF2608C015499A9831233 /* Pods-SpotifyUIkitClone.debug.xcconfig */;
			buildSettings = {
				ASSETCATALOG_COMPILER_APPICON_NAME = AppIcon;
				ASSETCATALOG_COMPILER_GLOBAL_ACCENT_COLOR_NAME = AccentColor;
				CODE_SIGN_STYLE = Automatic;
				CURRENT_PROJECT_VERSION = 1;
				DEVELOPMENT_TEAM = N548BMTL9A;
				ENABLE_USER_SCRIPT_SANDBOXING = NO;
				GENERATE_INFOPLIST_FILE = YES;
				INFOPLIST_FILE = SpotifyUIkitClone/Info.plist;
				INFOPLIST_KEY_UIApplicationSupportsIndirectInputEvents = YES;
				INFOPLIST_KEY_UILaunchStoryboardName = LaunchScreen;
				INFOPLIST_KEY_UISupportedInterfaceOrientations_iPad = "UIInterfaceOrientationPortrait UIInterfaceOrientationPortraitUpsideDown UIInterfaceOrientationLandscapeLeft UIInterfaceOrientationLandscapeRight";
				INFOPLIST_KEY_UISupportedInterfaceOrientations_iPhone = "UIInterfaceOrientationPortrait UIInterfaceOrientationLandscapeLeft UIInterfaceOrientationLandscapeRight";
				LD_RUNPATH_SEARCH_PATHS = (
					"$(inherited)",
					"@executable_path/Frameworks",
				);
				MARKETING_VERSION = 1.0;
				PRODUCT_BUNDLE_IDENTIFIER = com.TCM.SpotifyUIkitClone;
				PRODUCT_NAME = "$(TARGET_NAME)";
				SWIFT_EMIT_LOC_STRINGS = YES;
				SWIFT_VERSION = 5.0;
				TARGETED_DEVICE_FAMILY = "1,2";
			};
			name = Debug;
		};
		1A88B6492BB30FB300499B9F /* Release */ = {
			isa = XCBuildConfiguration;
			baseConfigurationReference = ADB483ACE902BDAE804DEF71 /* Pods-SpotifyUIkitClone.release.xcconfig */;
			buildSettings = {
				ASSETCATALOG_COMPILER_APPICON_NAME = AppIcon;
				ASSETCATALOG_COMPILER_GLOBAL_ACCENT_COLOR_NAME = AccentColor;
				CODE_SIGN_STYLE = Automatic;
				CURRENT_PROJECT_VERSION = 1;
				DEVELOPMENT_TEAM = N548BMTL9A;
				ENABLE_USER_SCRIPT_SANDBOXING = NO;
				GENERATE_INFOPLIST_FILE = YES;
				INFOPLIST_FILE = SpotifyUIkitClone/Info.plist;
				INFOPLIST_KEY_UIApplicationSupportsIndirectInputEvents = YES;
				INFOPLIST_KEY_UILaunchStoryboardName = LaunchScreen;
				INFOPLIST_KEY_UISupportedInterfaceOrientations_iPad = "UIInterfaceOrientationPortrait UIInterfaceOrientationPortraitUpsideDown UIInterfaceOrientationLandscapeLeft UIInterfaceOrientationLandscapeRight";
				INFOPLIST_KEY_UISupportedInterfaceOrientations_iPhone = "UIInterfaceOrientationPortrait UIInterfaceOrientationLandscapeLeft UIInterfaceOrientationLandscapeRight";
				LD_RUNPATH_SEARCH_PATHS = (
					"$(inherited)",
					"@executable_path/Frameworks",
				);
				MARKETING_VERSION = 1.0;
				PRODUCT_BUNDLE_IDENTIFIER = com.TCM.SpotifyUIkitClone;
				PRODUCT_NAME = "$(TARGET_NAME)";
				SWIFT_EMIT_LOC_STRINGS = YES;
				SWIFT_VERSION = 5.0;
				TARGETED_DEVICE_FAMILY = "1,2";
			};
			name = Release;
		};
/* End XCBuildConfiguration section */

/* Begin XCConfigurationList section */
		1A88B62E2BB30FAF00499B9F /* Build configuration list for PBXProject "SpotifyUIkitClone" */ = {
			isa = XCConfigurationList;
			buildConfigurations = (
				1A88B6452BB30FB300499B9F /* Debug */,
				1A88B6462BB30FB300499B9F /* Release */,
			);
			defaultConfigurationIsVisible = 0;
			defaultConfigurationName = Release;
		};
		1A88B6472BB30FB300499B9F /* Build configuration list for PBXNativeTarget "SpotifyUIkitClone" */ = {
			isa = XCConfigurationList;
			buildConfigurations = (
				1A88B6482BB30FB300499B9F /* Debug */,
				1A88B6492BB30FB300499B9F /* Release */,
			);
			defaultConfigurationIsVisible = 0;
			defaultConfigurationName = Release;
		};
/* End XCConfigurationList section */
	};
	rootObject = 1A88B62B2BB30FAF00499B9F /* Project object */;
}
